<?xml version="1.0" encoding="utf-8"?>
<Project ToolsVersion="4.0" xmlns="http://schemas.microsoft.com/developer/msbuild/2003">
  <ItemGroup>
    <Filter Include="Header Files">
      <UniqueIdentifier>{93995380-89BD-4b04-88EB-625FBE52EBFB}</UniqueIdentifier>
      <Extensions>h;hh;hpp;hxx;h++;hm;inl;inc;ipp;xsd</Extensions>
    </Filter>
    <Filter Include="Game Files">
      <UniqueIdentifier>{4FC737F1-C7A5-4376-A066-2A32D752A2FF}</UniqueIdentifier>
      <Extensions>cpp;c;cc;cxx;c++;cppm;ixx;def;odl;idl;hpj;bat;asm;asmx</Extensions>
    </Filter>
    <Filter Include="Game Files\Components">
      <UniqueIdentifier>{e7967fdc-efc7-4e87-a498-b21570cbc45b}</UniqueIdentifier>
    </Filter>
    <Filter Include="Game Files\Commands">
      <UniqueIdentifier>{c1901d91-9554-4db6-9fc9-848b93ec98ee}</UniqueIdentifier>
    </Filter>
  </ItemGroup>
  <ItemGroup>
    <ClCompile Include="Game.cpp">
      <Filter>Game Files</Filter>
    </ClCompile>
    <ClCompile Include="Tile.cpp">
      <Filter>Game Files\Components</Filter>
    </ClCompile>
    <ClCompile Include="Level.cpp">
      <Filter>Game Files\Components</Filter>
    </ClCompile>
    <ClCompile Include="CommandClasses.cpp">
      <Filter>Game Files\Commands</Filter>
    </ClCompile>
    <ClCompile Include="MenuUI.cpp">
      <Filter>Game Files\Components</Filter>
    </ClCompile>
    <ClCompile Include="Player.cpp">
      <Filter>Game Files\Components</Filter>
    </ClCompile>
    <ClCompile Include="Rigidbody.cpp">
      <Filter>Game Files\Components</Filter>
    </ClCompile>
    <ClCompile Include="Bubble.cpp">
      <Filter>Game Files\Components</Filter>
    </ClCompile>
  </ItemGroup>
  <ItemGroup>
    <ClInclude Include="Tile.h">
      <Filter>Game Files\Components</Filter>
    </ClInclude>
    <ClInclude Include="Level.h">
      <Filter>Game Files\Components</Filter>
    </ClInclude>
    <ClInclude Include="CommandClasses.h">
      <Filter>Game Files\Commands</Filter>
    </ClInclude>
    <ClInclude Include="MenuUI.h">
      <Filter>Game Files\Components</Filter>
    </ClInclude>
    <ClInclude Include="Player.h">
      <Filter>Game Files\Components</Filter>
    </ClInclude>
    <ClInclude Include="Rigidbody.h">
      <Filter>Game Files\Components</Filter>
    </ClInclude>
    <ClInclude Include="Bubble.h">
      <Filter>Game Files\Components</Filter>
    </ClInclude>
  </ItemGroup>
</Project>