<?xml version="1.0" encoding="utf-8"?>
<Project ToolsVersion="4.0" xmlns="http://schemas.microsoft.com/developer/msbuild/2003">
  <ItemGroup>
    <Filter Include="1_Resource_Files">
      <UniqueIdentifier>{67DA6AB6-F800-4c08-8B7A-83BB121AAD01}</UniqueIdentifier>
      <Extensions>rc;ico;cur;bmp;dlg;rc2;rct;bin;rgs;gif;jpg;jpeg;jpe;resx;tiff;tif;png;wav;mfcribbon-ms</Extensions>
    </Filter>
    <Filter Include="4_Components">
      <UniqueIdentifier>{c6f140f1-449d-4697-a301-20fb3ca44f4d}</UniqueIdentifier>
    </Filter>
    <Filter Include="4_Components\BaseComponents">
      <UniqueIdentifier>{9cf74afd-8feb-4343-9581-6ea1bd6761eb}</UniqueIdentifier>
    </Filter>
    <Filter Include="5_Game Files">
      <UniqueIdentifier>{4FC737F1-C7A5-4376-A066-2A32D752A2FF}</UniqueIdentifier>
      <Extensions>cpp;c;cc;cxx;def;odl;idl;hpj;bat;asm;asmx</Extensions>
    </Filter>
    <Filter Include="3_Framework Files">
      <UniqueIdentifier>{93995380-89BD-4b04-88EB-625FBE52EBFB}</UniqueIdentifier>
      <Extensions>h;hh;hpp;hxx;hm;inl;inc;xsd</Extensions>
    </Filter>
    <Filter Include="2_Singletons">
      <UniqueIdentifier>{6fbac676-7d8f-4fb3-81b2-989cc0eac132}</UniqueIdentifier>
    </Filter>
    <Filter Include="4_Components\Components">
      <UniqueIdentifier>{fc9e4e7c-d1a9-4718-a6e5-a5d5a5520a6c}</UniqueIdentifier>
    </Filter>
    <Filter Include="4_Components\Error_Handling">
      <UniqueIdentifier>{b01e2c3e-ceb5-4a1f-9da2-53c4d6e1a2d3}</UniqueIdentifier>
    </Filter>
    <Filter Include="ImGui">
      <UniqueIdentifier>{60a0704c-5731-460e-83c0-d9ca124c88b2}</UniqueIdentifier>
    </Filter>
    <Filter Include="2_Singletons\Input">
      <UniqueIdentifier>{fac56c78-22b8-4b8c-80b1-f2d605dd2d08}</UniqueIdentifier>
    </Filter>
    <Filter Include="3_Framework Files\Observer">
      <UniqueIdentifier>{408ead68-0052-437b-9879-5f185a5b887b}</UniqueIdentifier>
    </Filter>
    <Filter Include="3_Framework Files\Event">
      <UniqueIdentifier>{2950c8cf-175e-4792-af95-921650ff444e}</UniqueIdentifier>
    </Filter>
    <Filter Include="2_Singletons\Audio">
      <UniqueIdentifier>{dfcaf8ea-76c3-42e6-b8a0-f539f0a4e75a}</UniqueIdentifier>
    </Filter>
  </ItemGroup>
  <ItemGroup>
    <ClInclude Include="Texture2D.h">
      <Filter>3_Framework Files</Filter>
    </ClInclude>
    <ClInclude Include="Font.h">
      <Filter>3_Framework Files</Filter>
    </ClInclude>
    <ClInclude Include="Minigin.h">
      <Filter>5_Game Files</Filter>
    </ClInclude>
    <ClInclude Include="Scene.h">
      <Filter>5_Game Files</Filter>
    </ClInclude>
    <ClInclude Include="BaseComponent.h">
      <Filter>4_Components\BaseComponents</Filter>
    </ClInclude>
    <ClInclude Include="SceneManager.h">
      <Filter>2_Singletons</Filter>
    </ClInclude>
    <ClInclude Include="ResourceManager.h">
      <Filter>2_Singletons</Filter>
    </ClInclude>
    <ClInclude Include="Renderer.h">
      <Filter>2_Singletons</Filter>
    </ClInclude>
    <ClInclude Include="Singleton.h">
      <Filter>2_Singletons</Filter>
    </ClInclude>
    <ClInclude Include="Timer.h">
      <Filter>2_Singletons</Filter>
    </ClInclude>
    <ClInclude Include="GameObject.h">
      <Filter>4_Components\BaseComponents</Filter>
    </ClInclude>
    <ClInclude Include="Text.h">
      <Filter>4_Components\Components</Filter>
    </ClInclude>
    <ClInclude Include="FPS.h">
      <Filter>4_Components\Components</Filter>
    </ClInclude>
    <ClInclude Include="Transform.h">
      <Filter>4_Components\Components</Filter>
    </ClInclude>
    <ClInclude Include="Errors.h">
      <Filter>4_Components\Error_Handling</Filter>
    </ClInclude>
    <ClInclude Include="Texture.h">
      <Filter>4_Components\Components</Filter>
    </ClInclude>
    <ClInclude Include="Orbit.h">
      <Filter>4_Components\Components</Filter>
    </ClInclude>
    <ClInclude Include="..\3rdParty\imgui\imconfig.h">
      <Filter>ImGui</Filter>
    </ClInclude>
    <ClInclude Include="..\3rdParty\imgui\imgui.h">
      <Filter>ImGui</Filter>
    </ClInclude>
    <ClInclude Include="..\3rdParty\imgui\imgui_internal.h">
      <Filter>ImGui</Filter>
    </ClInclude>
    <ClInclude Include="..\3rdParty\imgui\imstb_rectpack.h">
      <Filter>ImGui</Filter>
    </ClInclude>
    <ClInclude Include="..\3rdParty\imgui\imstb_textedit.h">
      <Filter>ImGui</Filter>
    </ClInclude>
    <ClInclude Include="..\3rdParty\imgui\imstb_truetype.h">
      <Filter>ImGui</Filter>
    </ClInclude>
    <ClInclude Include="..\3rdParty\imgui\backends\imgui_impl_opengl2.h">
      <Filter>ImGui</Filter>
    </ClInclude>
    <ClInclude Include="..\3rdParty\imgui\backends\imgui_impl_sdl2.h">
      <Filter>ImGui</Filter>
    </ClInclude>
    <ClInclude Include="TrashTheCache.h">
      <Filter>4_Components\Components</Filter>
    </ClInclude>
    <ClInclude Include="..\3rdParty\imgui\imgui_plot.h">
      <Filter>ImGui</Filter>
    </ClInclude>
    <ClInclude Include="InputManager.h">
      <Filter>2_Singletons\Input</Filter>
    </ClInclude>
    <ClInclude Include="Gamepad.h">
      <Filter>2_Singletons\Input</Filter>
    </ClInclude>
    <ClInclude Include="Command.h">
      <Filter>2_Singletons\Input</Filter>
    </ClInclude>
    <ClInclude Include="CommandClasses.h">
      <Filter>2_Singletons\Input</Filter>
    </ClInclude>
    <ClInclude Include="Observer.h">
      <Filter>3_Framework Files\Observer</Filter>
    </ClInclude>
    <ClInclude Include="Subject.h">
      <Filter>3_Framework Files\Observer</Filter>
    </ClInclude>
    <ClInclude Include="Achievment.h">
      <Filter>3_Framework Files\Observer</Filter>
    </ClInclude>
    <ClInclude Include="HealthComponent.h">
      <Filter>4_Components\Components</Filter>
    </ClInclude>
    <ClInclude Include="LivesDisplay.h">
      <Filter>4_Components\Components</Filter>
    </ClInclude>
    <ClInclude Include="ScoreComponent.h">
      <Filter>4_Components\Components</Filter>
    </ClInclude>
    <ClInclude Include="ScoreDisplay.h">
      <Filter>4_Components\Components</Filter>
    </ClInclude>
    <ClInclude Include="HealthDisplay.h">
      <Filter>4_Components\Components</Filter>
    </ClInclude>
    <ClInclude Include="Events.h">
      <Filter>3_Framework Files\Observer</Filter>
    </ClInclude>
    <ClInclude Include="EventQueue.h">
      <Filter>3_Framework Files\Event</Filter>
    </ClInclude>
    <ClInclude Include="EventListener.h">
      <Filter>3_Framework Files\Event</Filter>
    </ClInclude>
    <ClInclude Include="EventManager.h">
      <Filter>3_Framework Files\Event</Filter>
    </ClInclude>
    <ClInclude Include="AudioSystem.h">
      <Filter>2_Singletons\Audio</Filter>
    </ClInclude>
    <ClInclude Include="ServiceLocator.h">
      <Filter>2_Singletons\Audio</Filter>
    </ClInclude>
    <ClInclude Include="SDL_Audio.h">
      <Filter>2_Singletons\Audio</Filter>
    </ClInclude>
    <ClInclude Include="AnimationTexture.h">
      <Filter>4_Components\Components</Filter>
    </ClInclude>
  </ItemGroup>
  <ItemGroup>
    <ClCompile Include="Scene.cpp">
      <Filter>5_Game Files</Filter>
    </ClCompile>
    <ClCompile Include="Main.cpp">
      <Filter>5_Game Files</Filter>
    </ClCompile>
    <ClCompile Include="Minigin.cpp">
      <Filter>5_Game Files</Filter>
    </ClCompile>
    <ClCompile Include="Font.cpp">
      <Filter>3_Framework Files</Filter>
    </ClCompile>
    <ClCompile Include="Texture2D.cpp">
      <Filter>3_Framework Files</Filter>
    </ClCompile>
    <ClCompile Include="BaseComponent.cpp">
      <Filter>4_Components\BaseComponents</Filter>
    </ClCompile>
    <ClCompile Include="SceneManager.cpp">
      <Filter>2_Singletons</Filter>
    </ClCompile>
    <ClCompile Include="ResourceManager.cpp">
      <Filter>2_Singletons</Filter>
    </ClCompile>
    <ClCompile Include="Renderer.cpp">
      <Filter>2_Singletons</Filter>
    </ClCompile>
    <ClCompile Include="Timer.cpp">
      <Filter>2_Singletons</Filter>
    </ClCompile>
    <ClCompile Include="GameObject.cpp">
      <Filter>4_Components\BaseComponents</Filter>
    </ClCompile>
    <ClCompile Include="Text.cpp">
      <Filter>4_Components\Components</Filter>
    </ClCompile>
    <ClCompile Include="FPS.cpp">
      <Filter>4_Components\Components</Filter>
    </ClCompile>
    <ClCompile Include="Transform.cpp">
      <Filter>4_Components\Components</Filter>
    </ClCompile>
    <ClCompile Include="Texture.cpp">
      <Filter>4_Components\Components</Filter>
    </ClCompile>
    <ClCompile Include="Orbit.cpp">
      <Filter>4_Components\Components</Filter>
    </ClCompile>
    <ClCompile Include="..\3rdParty\imgui\imgui.cpp">
      <Filter>ImGui</Filter>
    </ClCompile>
    <ClCompile Include="..\3rdParty\imgui\imgui_demo.cpp">
      <Filter>ImGui</Filter>
    </ClCompile>
    <ClCompile Include="..\3rdParty\imgui\imgui_draw.cpp">
      <Filter>ImGui</Filter>
    </ClCompile>
    <ClCompile Include="..\3rdParty\imgui\imgui_tables.cpp">
      <Filter>ImGui</Filter>
    </ClCompile>
    <ClCompile Include="..\3rdParty\imgui\imgui_widgets.cpp">
      <Filter>ImGui</Filter>
    </ClCompile>
    <ClCompile Include="..\3rdParty\imgui\backends\imgui_impl_opengl2.cpp">
      <Filter>ImGui</Filter>
    </ClCompile>
    <ClCompile Include="..\3rdParty\imgui\backends\imgui_impl_sdl2.cpp">
      <Filter>ImGui</Filter>
    </ClCompile>
    <ClCompile Include="TrashTheCache.cpp">
      <Filter>4_Components\Components</Filter>
    </ClCompile>
    <ClCompile Include="..\3rdParty\imgui\imgui_plot.cpp">
      <Filter>ImGui</Filter>
    </ClCompile>
    <ClCompile Include="InputManager.cpp">
      <Filter>2_Singletons\Input</Filter>
    </ClCompile>
    <ClCompile Include="Gamepad.cpp">
      <Filter>2_Singletons\Input</Filter>
    </ClCompile>
    <ClCompile Include="Command.cpp">
      <Filter>2_Singletons\Input</Filter>
    </ClCompile>
    <ClCompile Include="CommandClasses.cpp">
      <Filter>2_Singletons\Input</Filter>
    </ClCompile>
    <ClCompile Include="HealthComponent.cpp">
      <Filter>4_Components\Components</Filter>
    </ClCompile>
    <ClCompile Include="LivesDisplay.cpp">
      <Filter>4_Components\Components</Filter>
    </ClCompile>
    <ClCompile Include="ScoreComponent.cpp">
      <Filter>4_Components\Components</Filter>
    </ClCompile>
    <ClCompile Include="ScoreDisplay.cpp">
      <Filter>4_Components\Components</Filter>
    </ClCompile>
    <ClCompile Include="HealthDisplay.cpp">
      <Filter>4_Components\Components</Filter>
    </ClCompile>
    <ClCompile Include="EventQueue.cpp">
      <Filter>3_Framework Files\Event</Filter>
    </ClCompile>
    <ClCompile Include="EventManager.cpp">
      <Filter>3_Framework Files\Event</Filter>
    </ClCompile>
    <ClCompile Include="SDL_Audio.cpp">
      <Filter>2_Singletons\Audio</Filter>
    </ClCompile>
    <ClCompile Include="AnimationTexture.cpp">
      <Filter>4_Components\Components</Filter>
    </ClCompile>
  </ItemGroup>
</Project>